// !$*UTF8*$!
{
	archiveVersion = 1;
	classes = {
	};
	objectVersion = 55;
	objects = {

/* Begin PBXBuildFile section */
		71E800FE28CF5137001FD3D3 /* AppDelegate.swift in Sources */ = {isa = PBXBuildFile; fileRef = 71E800FD28CF5137001FD3D3 /* AppDelegate.swift */; };
		71E8010028CF5137001FD3D3 /* SceneDelegate.swift in Sources */ = {isa = PBXBuildFile; fileRef = 71E800FF28CF5137001FD3D3 /* SceneDelegate.swift */; };
		71E8010228CF5137001FD3D3 /* WelcomeScreenViewController.swift in Sources */ = {isa = PBXBuildFile; fileRef = 71E8010128CF5137001FD3D3 /* WelcomeScreenViewController.swift */; };
		71E8010828CF5137001FD3D3 /* QuitBadHabits.xcdatamodeld in Sources */ = {isa = PBXBuildFile; fileRef = 71E8010628CF5137001FD3D3 /* QuitBadHabits.xcdatamodeld */; };
		71E8010A28CF5138001FD3D3 /* Assets.xcassets in Resources */ = {isa = PBXBuildFile; fileRef = 71E8010928CF5138001FD3D3 /* Assets.xcassets */; };
		71E8010D28CF5138001FD3D3 /* LaunchScreen.storyboard in Resources */ = {isa = PBXBuildFile; fileRef = 71E8010B28CF5138001FD3D3 /* LaunchScreen.storyboard */; };
		71E8011828CF5458001FD3D3 /* Colors.swift in Sources */ = {isa = PBXBuildFile; fileRef = 71E8011728CF5458001FD3D3 /* Colors.swift */; };
		71E8011A28CF5492001FD3D3 /* UIColor + Extension.swift in Sources */ = {isa = PBXBuildFile; fileRef = 71E8011928CF5492001FD3D3 /* UIColor + Extension.swift */; };
		71E8011D28CF6B50001FD3D3 /* Stallone.m4a in Resources */ = {isa = PBXBuildFile; fileRef = 71E8011C28CF6B50001FD3D3 /* Stallone.m4a */; };
		71E8011F28CF7EA5001FD3D3 /* UserInformationViewController.swift in Sources */ = {isa = PBXBuildFile; fileRef = 71E8011E28CF7EA5001FD3D3 /* UserInformationViewController.swift */; };
		71E8012128CF850F001FD3D3 /* UserNameViewController.swift in Sources */ = {isa = PBXBuildFile; fileRef = 71E8012028CF850F001FD3D3 /* UserNameViewController.swift */; };
		71E8012328CFD2A1001FD3D3 /* ViewController1.swift in Sources */ = {isa = PBXBuildFile; fileRef = 71E8012228CFD2A1001FD3D3 /* ViewController1.swift */; };
		71E8012528CFD2BE001FD3D3 /* ViewController2.swift in Sources */ = {isa = PBXBuildFile; fileRef = 71E8012428CFD2BE001FD3D3 /* ViewController2.swift */; };
		71E8012728CFD2C5001FD3D3 /* ViewController3.swift in Sources */ = {isa = PBXBuildFile; fileRef = 71E8012628CFD2C5001FD3D3 /* ViewController3.swift */; };
		AF296BED96C8500CCC63E29A /* Pods_QuitBadHabits.framework in Frameworks */ = {isa = PBXBuildFile; fileRef = 96B895D2DABC52D05B2DCA94 /* Pods_QuitBadHabits.framework */; };
/* End PBXBuildFile section */

/* Begin PBXFileReference section */
		71E800FA28CF5137001FD3D3 /* QuitBadHabits.app */ = {isa = PBXFileReference; explicitFileType = wrapper.application; includeInIndex = 0; path = QuitBadHabits.app; sourceTree = BUILT_PRODUCTS_DIR; };
		71E800FD28CF5137001FD3D3 /* AppDelegate.swift */ = {isa = PBXFileReference; lastKnownFileType = sourcecode.swift; path = AppDelegate.swift; sourceTree = "<group>"; };
		71E800FF28CF5137001FD3D3 /* SceneDelegate.swift */ = {isa = PBXFileReference; lastKnownFileType = sourcecode.swift; path = SceneDelegate.swift; sourceTree = "<group>"; };
		71E8010128CF5137001FD3D3 /* WelcomeScreenViewController.swift */ = {isa = PBXFileReference; lastKnownFileType = sourcecode.swift; path = WelcomeScreenViewController.swift; sourceTree = "<group>"; };
		71E8010728CF5137001FD3D3 /* QuitBadHabits.xcdatamodel */ = {isa = PBXFileReference; lastKnownFileType = wrapper.xcdatamodel; path = QuitBadHabits.xcdatamodel; sourceTree = "<group>"; };
		71E8010928CF5138001FD3D3 /* Assets.xcassets */ = {isa = PBXFileReference; lastKnownFileType = folder.assetcatalog; path = Assets.xcassets; sourceTree = "<group>"; };
		71E8010C28CF5138001FD3D3 /* Base */ = {isa = PBXFileReference; lastKnownFileType = file.storyboard; name = Base; path = Base.lproj/LaunchScreen.storyboard; sourceTree = "<group>"; };
		71E8010E28CF5138001FD3D3 /* Info.plist */ = {isa = PBXFileReference; lastKnownFileType = text.plist.xml; path = Info.plist; sourceTree = "<group>"; };
		71E8011728CF5458001FD3D3 /* Colors.swift */ = {isa = PBXFileReference; lastKnownFileType = sourcecode.swift; path = Colors.swift; sourceTree = "<group>"; };
		71E8011928CF5492001FD3D3 /* UIColor + Extension.swift */ = {isa = PBXFileReference; lastKnownFileType = sourcecode.swift; path = "UIColor + Extension.swift"; sourceTree = "<group>"; };
		71E8011C28CF6B50001FD3D3 /* Stallone.m4a */ = {isa = PBXFileReference; lastKnownFileType = file; path = Stallone.m4a; sourceTree = "<group>"; };
		71E8011E28CF7EA5001FD3D3 /* UserInformationViewController.swift */ = {isa = PBXFileReference; lastKnownFileType = sourcecode.swift; path = UserInformationViewController.swift; sourceTree = "<group>"; };
		71E8012028CF850F001FD3D3 /* UserNameViewController.swift */ = {isa = PBXFileReference; lastKnownFileType = sourcecode.swift; path = UserNameViewController.swift; sourceTree = "<group>"; };
		71E8012228CFD2A1001FD3D3 /* ViewController1.swift */ = {isa = PBXFileReference; lastKnownFileType = sourcecode.swift; path = ViewController1.swift; sourceTree = "<group>"; };
		71E8012428CFD2BE001FD3D3 /* ViewController2.swift */ = {isa = PBXFileReference; lastKnownFileType = sourcecode.swift; path = ViewController2.swift; sourceTree = "<group>"; };
		71E8012628CFD2C5001FD3D3 /* ViewController3.swift */ = {isa = PBXFileReference; lastKnownFileType = sourcecode.swift; path = ViewController3.swift; sourceTree = "<group>"; };
		7F3CAF27C6DF4FFD355FA9EE /* Pods-QuitBadHabits.release.xcconfig */ = {isa = PBXFileReference; includeInIndex = 1; lastKnownFileType = text.xcconfig; name = "Pods-QuitBadHabits.release.xcconfig"; path = "Target Support Files/Pods-QuitBadHabits/Pods-QuitBadHabits.release.xcconfig"; sourceTree = "<group>"; };
		96B895D2DABC52D05B2DCA94 /* Pods_QuitBadHabits.framework */ = {isa = PBXFileReference; explicitFileType = wrapper.framework; includeInIndex = 0; path = Pods_QuitBadHabits.framework; sourceTree = BUILT_PRODUCTS_DIR; };
		A5543A54A385DD2968DDB717 /* Pods-QuitBadHabits.debug.xcconfig */ = {isa = PBXFileReference; includeInIndex = 1; lastKnownFileType = text.xcconfig; name = "Pods-QuitBadHabits.debug.xcconfig"; path = "Target Support Files/Pods-QuitBadHabits/Pods-QuitBadHabits.debug.xcconfig"; sourceTree = "<group>"; };
/* End PBXFileReference section */

/* Begin PBXFrameworksBuildPhase section */
		71E800F728CF5137001FD3D3 /* Frameworks */ = {
			isa = PBXFrameworksBuildPhase;
			buildActionMask = 2147483647;
			files = (
				AF296BED96C8500CCC63E29A /* Pods_QuitBadHabits.framework in Frameworks */,
			);
			runOnlyForDeploymentPostprocessing = 0;
		};
/* End PBXFrameworksBuildPhase section */

/* Begin PBXGroup section */
		4B5EB44C97A18A4DD0CC4F90 /* Frameworks */ = {
			isa = PBXGroup;
			children = (
				96B895D2DABC52D05B2DCA94 /* Pods_QuitBadHabits.framework */,
			);
			name = Frameworks;
			sourceTree = "<group>";
		};
		71E800F128CF5137001FD3D3 = {
			isa = PBXGroup;
			children = (
				71E800FC28CF5137001FD3D3 /* QuitBadHabits */,
				71E800FB28CF5137001FD3D3 /* Products */,
				BBF2A1CD3F843AFBFA6782EB /* Pods */,
				4B5EB44C97A18A4DD0CC4F90 /* Frameworks */,
			);
			sourceTree = "<group>";
		};
		71E800FB28CF5137001FD3D3 /* Products */ = {
			isa = PBXGroup;
			children = (
				71E800FA28CF5137001FD3D3 /* QuitBadHabits.app */,
			);
			name = Products;
			sourceTree = "<group>";
		};
		71E800FC28CF5137001FD3D3 /* QuitBadHabits */ = {
			isa = PBXGroup;
			children = (
				71E8011428CF5148001FD3D3 /* SupportFiles */,
				71E8011528CF5159001FD3D3 /* ViewControllers */,
				71E8011628CF5442001FD3D3 /* Extensions */,
				71E8010928CF5138001FD3D3 /* Assets.xcassets */,
				71E8011C28CF6B50001FD3D3 /* Stallone.m4a */,
				71E8010B28CF5138001FD3D3 /* LaunchScreen.storyboard */,
				71E8010E28CF5138001FD3D3 /* Info.plist */,
				71E8010628CF5137001FD3D3 /* QuitBadHabits.xcdatamodeld */,
			);
			path = QuitBadHabits;
			sourceTree = "<group>";
		};
		71E8011428CF5148001FD3D3 /* SupportFiles */ = {
			isa = PBXGroup;
			children = (
				71E800FF28CF5137001FD3D3 /* SceneDelegate.swift */,
				71E800FD28CF5137001FD3D3 /* AppDelegate.swift */,
			);
			path = SupportFiles;
			sourceTree = "<group>";
		};
		71E8011528CF5159001FD3D3 /* ViewControllers */ = {
			isa = PBXGroup;
			children = (
				71E8010128CF5137001FD3D3 /* WelcomeScreenViewController.swift */,
				71E8012028CF850F001FD3D3 /* UserNameViewController.swift */,
				71E8011E28CF7EA5001FD3D3 /* UserInformationViewController.swift */,
				71E8012228CFD2A1001FD3D3 /* ViewController1.swift */,
				71E8012428CFD2BE001FD3D3 /* ViewController2.swift */,
				71E8012628CFD2C5001FD3D3 /* ViewController3.swift */,
			);
			path = ViewControllers;
			sourceTree = "<group>";
		};
		71E8011628CF5442001FD3D3 /* Extensions */ = {
			isa = PBXGroup;
			children = (
				71E8011928CF5492001FD3D3 /* UIColor + Extension.swift */,
				71E8011728CF5458001FD3D3 /* Colors.swift */,
			);
			path = Extensions;
			sourceTree = "<group>";
		};
		BBF2A1CD3F843AFBFA6782EB /* Pods */ = {
			isa = PBXGroup;
			children = (
				A5543A54A385DD2968DDB717 /* Pods-QuitBadHabits.debug.xcconfig */,
				7F3CAF27C6DF4FFD355FA9EE /* Pods-QuitBadHabits.release.xcconfig */,
			);
			path = Pods;
			sourceTree = "<group>";
		};
/* End PBXGroup section */

/* Begin PBXNativeTarget section */
		71E800F928CF5137001FD3D3 /* QuitBadHabits */ = {
			isa = PBXNativeTarget;
			buildConfigurationList = 71E8011128CF5138001FD3D3 /* Build configuration list for PBXNativeTarget "QuitBadHabits" */;
			buildPhases = (
				DEF235D75C2E29562A563495 /* [CP] Check Pods Manifest.lock */,
				71E800F628CF5137001FD3D3 /* Sources */,
				71E800F728CF5137001FD3D3 /* Frameworks */,
				71E800F828CF5137001FD3D3 /* Resources */,
				FDEE3D702337CC823A225CF2 /* [CP] Embed Pods Frameworks */,
			);
			buildRules = (
			);
			dependencies = (
			);
			name = QuitBadHabits;
			productName = QuitBadHabits;
			productReference = 71E800FA28CF5137001FD3D3 /* QuitBadHabits.app */;
			productType = "com.apple.product-type.application";
		};
/* End PBXNativeTarget section */

/* Begin PBXProject section */
		71E800F228CF5137001FD3D3 /* Project object */ = {
			isa = PBXProject;
			attributes = {
				BuildIndependentTargetsInParallel = 1;
				LastSwiftUpdateCheck = 1340;
				LastUpgradeCheck = 1340;
				TargetAttributes = {
					71E800F928CF5137001FD3D3 = {
						CreatedOnToolsVersion = 13.4.1;
					};
				};
			};
			buildConfigurationList = 71E800F528CF5137001FD3D3 /* Build configuration list for PBXProject "QuitBadHabits" */;
			compatibilityVersion = "Xcode 13.0";
			developmentRegion = en;
			hasScannedForEncodings = 0;
			knownRegions = (
				en,
				Base,
			);
			mainGroup = 71E800F128CF5137001FD3D3;
			productRefGroup = 71E800FB28CF5137001FD3D3 /* Products */;
			projectDirPath = "";
			projectRoot = "";
			targets = (
				71E800F928CF5137001FD3D3 /* QuitBadHabits */,
			);
		};
/* End PBXProject section */

/* Begin PBXResourcesBuildPhase section */
		71E800F828CF5137001FD3D3 /* Resources */ = {
			isa = PBXResourcesBuildPhase;
			buildActionMask = 2147483647;
			files = (
				71E8010D28CF5138001FD3D3 /* LaunchScreen.storyboard in Resources */,
				71E8010A28CF5138001FD3D3 /* Assets.xcassets in Resources */,
				71E8011D28CF6B50001FD3D3 /* Stallone.m4a in Resources */,
			);
			runOnlyForDeploymentPostprocessing = 0;
		};
/* End PBXResourcesBuildPhase section */

/* Begin PBXShellScriptBuildPhase section */
		DEF235D75C2E29562A563495 /* [CP] Check Pods Manifest.lock */ = {
			isa = PBXShellScriptBuildPhase;
			buildActionMask = 2147483647;
			files = (
			);
			inputFileListPaths = (
			);
			inputPaths = (
				"${PODS_PODFILE_DIR_PATH}/Podfile.lock",
				"${PODS_ROOT}/Manifest.lock",
			);
			name = "[CP] Check Pods Manifest.lock";
			outputFileListPaths = (
			);
			outputPaths = (
				"$(DERIVED_FILE_DIR)/Pods-QuitBadHabits-checkManifestLockResult.txt",
			);
			runOnlyForDeploymentPostprocessing = 0;
			shellPath = /bin/sh;
			shellScript = "diff \"${PODS_PODFILE_DIR_PATH}/Podfile.lock\" \"${PODS_ROOT}/Manifest.lock\" > /dev/null\nif [ $? != 0 ] ; then\n    # print error to STDERR\n    echo \"error: The sandbox is not in sync with the Podfile.lock. Run 'pod install' or update your CocoaPods installation.\" >&2\n    exit 1\nfi\n# This output is used by Xcode 'outputs' to avoid re-running this script phase.\necho \"SUCCESS\" > \"${SCRIPT_OUTPUT_FILE_0}\"\n";
			showEnvVarsInLog = 0;
		};
		FDEE3D702337CC823A225CF2 /* [CP] Embed Pods Frameworks */ = {
			isa = PBXShellScriptBuildPhase;
			buildActionMask = 2147483647;
			files = (
			);
			inputFileListPaths = (
				"${PODS_ROOT}/Target Support Files/Pods-QuitBadHabits/Pods-QuitBadHabits-frameworks-${CONFIGURATION}-input-files.xcfilelist",
			);
			name = "[CP] Embed Pods Frameworks";
			outputFileListPaths = (
				"${PODS_ROOT}/Target Support Files/Pods-QuitBadHabits/Pods-QuitBadHabits-frameworks-${CONFIGURATION}-output-files.xcfilelist",
			);
			runOnlyForDeploymentPostprocessing = 0;
			shellPath = /bin/sh;
			shellScript = "\"${PODS_ROOT}/Target Support Files/Pods-QuitBadHabits/Pods-QuitBadHabits-frameworks.sh\"\n";
			showEnvVarsInLog = 0;
		};
/* End PBXShellScriptBuildPhase section */

/* Begin PBXSourcesBuildPhase section */
		71E800F628CF5137001FD3D3 /* Sources */ = {
			isa = PBXSourcesBuildPhase;
			buildActionMask = 2147483647;
			files = (
				71E8012728CFD2C5001FD3D3 /* ViewController3.swift in Sources */,
				71E8012328CFD2A1001FD3D3 /* ViewController1.swift in Sources */,
				71E8010228CF5137001FD3D3 /* WelcomeScreenViewController.swift in Sources */,
				71E8011F28CF7EA5001FD3D3 /* UserInformationViewController.swift in Sources */,
				71E8011828CF5458001FD3D3 /* Colors.swift in Sources */,
				71E800FE28CF5137001FD3D3 /* AppDelegate.swift in Sources */,
				71E8012528CFD2BE001FD3D3 /* ViewController2.swift in Sources */,
				71E8011A28CF5492001FD3D3 /* UIColor + Extension.swift in Sources */,
				71E8010028CF5137001FD3D3 /* SceneDelegate.swift in Sources */,
				71E8012128CF850F001FD3D3 /* UserNameViewController.swift in Sources */,
				71E8010828CF5137001FD3D3 /* QuitBadHabits.xcdatamodeld in Sources */,
			);
			runOnlyForDeploymentPostprocessing = 0;
		};
/* End PBXSourcesBuildPhase section */

/* Begin PBXVariantGroup section */
		71E8010B28CF5138001FD3D3 /* LaunchScreen.storyboard */ = {
			isa = PBXVariantGroup;
			children = (
				71E8010C28CF5138001FD3D3 /* Base */,
			);
			name = LaunchScreen.storyboard;
			sourceTree = "<group>";
		};
/* End PBXVariantGroup section */

/* Begin XCBuildConfiguration section */
		71E8010F28CF5138001FD3D3 /* Debug */ = {
			isa = XCBuildConfiguration;
			buildSettings = {
				ALWAYS_SEARCH_USER_PATHS = NO;
				CLANG_ANALYZER_NONNULL = YES;
				CLANG_ANALYZER_NUMBER_OBJECT_CONVERSION = YES_AGGRESSIVE;
				CLANG_CXX_LANGUAGE_STANDARD = "gnu++17";
				CLANG_ENABLE_MODULES = YES;
				CLANG_ENABLE_OBJC_ARC = YES;
				CLANG_ENABLE_OBJC_WEAK = YES;
				CLANG_WARN_BLOCK_CAPTURE_AUTORELEASING = YES;
				CLANG_WARN_BOOL_CONVERSION = YES;
				CLANG_WARN_COMMA = YES;
				CLANG_WARN_CONSTANT_CONVERSION = YES;
				CLANG_WARN_DEPRECATED_OBJC_IMPLEMENTATIONS = YES;
				CLANG_WARN_DIRECT_OBJC_ISA_USAGE = YES_ERROR;
				CLANG_WARN_DOCUMENTATION_COMMENTS = YES;
				CLANG_WARN_EMPTY_BODY = YES;
				CLANG_WARN_ENUM_CONVERSION = YES;
				CLANG_WARN_INFINITE_RECURSION = YES;
				CLANG_WARN_INT_CONVERSION = YES;
				CLANG_WARN_NON_LITERAL_NULL_CONVERSION = YES;
				CLANG_WARN_OBJC_IMPLICIT_RETAIN_SELF = YES;
				CLANG_WARN_OBJC_LITERAL_CONVERSION = YES;
				CLANG_WARN_OBJC_ROOT_CLASS = YES_ERROR;
				CLANG_WARN_QUOTED_INCLUDE_IN_FRAMEWORK_HEADER = YES;
				CLANG_WARN_RANGE_LOOP_ANALYSIS = YES;
				CLANG_WARN_STRICT_PROTOTYPES = YES;
				CLANG_WARN_SUSPICIOUS_MOVE = YES;
				CLANG_WARN_UNGUARDED_AVAILABILITY = YES_AGGRESSIVE;
				CLANG_WARN_UNREACHABLE_CODE = YES;
				CLANG_WARN__DUPLICATE_METHOD_MATCH = YES;
				COPY_PHASE_STRIP = NO;
				DEBUG_INFORMATION_FORMAT = dwarf;
				ENABLE_STRICT_OBJC_MSGSEND = YES;
				ENABLE_TESTABILITY = YES;
				GCC_C_LANGUAGE_STANDARD = gnu11;
				GCC_DYNAMIC_NO_PIC = NO;
				GCC_NO_COMMON_BLOCKS = YES;
				GCC_OPTIMIZATION_LEVEL = 0;
				GCC_PREPROCESSOR_DEFINITIONS = (
					"DEBUG=1",
					"$(inherited)",
				);
				GCC_WARN_64_TO_32_BIT_CONVERSION = YES;
				GCC_WARN_ABOUT_RETURN_TYPE = YES_ERROR;
				GCC_WARN_UNDECLARED_SELECTOR = YES;
				GCC_WARN_UNINITIALIZED_AUTOS = YES_AGGRESSIVE;
				GCC_WARN_UNUSED_FUNCTION = YES;
				GCC_WARN_UNUSED_VARIABLE = YES;
				IPHONEOS_DEPLOYMENT_TARGET = 15.5;
				MTL_ENABLE_DEBUG_INFO = INCLUDE_SOURCE;
				MTL_FAST_MATH = YES;
				ONLY_ACTIVE_ARCH = YES;
				SDKROOT = iphoneos;
				SWIFT_ACTIVE_COMPILATION_CONDITIONS = DEBUG;
				SWIFT_OPTIMIZATION_LEVEL = "-Onone";
			};
			name = Debug;
		};
		71E8011028CF5138001FD3D3 /* Release */ = {
			isa = XCBuildConfiguration;
			buildSettings = {
				ALWAYS_SEARCH_USER_PATHS = NO;
				CLANG_ANALYZER_NONNULL = YES;
				CLANG_ANALYZER_NUMBER_OBJECT_CONVERSION = YES_AGGRESSIVE;
				CLANG_CXX_LANGUAGE_STANDARD = "gnu++17";
				CLANG_ENABLE_MODULES = YES;
				CLANG_ENABLE_OBJC_ARC = YES;
				CLANG_ENABLE_OBJC_WEAK = YES;
				CLANG_WARN_BLOCK_CAPTURE_AUTORELEASING = YES;
				CLANG_WARN_BOOL_CONVERSION = YES;
				CLANG_WARN_COMMA = YES;
				CLANG_WARN_CONSTANT_CONVERSION = YES;
				CLANG_WARN_DEPRECATED_OBJC_IMPLEMENTATIONS = YES;
				CLANG_WARN_DIRECT_OBJC_ISA_USAGE = YES_ERROR;
				CLANG_WARN_DOCUMENTATION_COMMENTS = YES;
				CLANG_WARN_EMPTY_BODY = YES;
				CLANG_WARN_ENUM_CONVERSION = YES;
				CLANG_WARN_INFINITE_RECURSION = YES;
				CLANG_WARN_INT_CONVERSION = YES;
				CLANG_WARN_NON_LITERAL_NULL_CONVERSION = YES;
				CLANG_WARN_OBJC_IMPLICIT_RETAIN_SELF = YES;
				CLANG_WARN_OBJC_LITERAL_CONVERSION = YES;
				CLANG_WARN_OBJC_ROOT_CLASS = YES_ERROR;
				CLANG_WARN_QUOTED_INCLUDE_IN_FRAMEWORK_HEADER = YES;
				CLANG_WARN_RANGE_LOOP_ANALYSIS = YES;
				CLANG_WARN_STRICT_PROTOTYPES = YES;
				CLANG_WARN_SUSPICIOUS_MOVE = YES;
				CLANG_WARN_UNGUARDED_AVAILABILITY = YES_AGGRESSIVE;
				CLANG_WARN_UNREACHABLE_CODE = YES;
				CLANG_WARN__DUPLICATE_METHOD_MATCH = YES;
				COPY_PHASE_STRIP = NO;
				DEBUG_INFORMATION_FORMAT = "dwarf-with-dsym";
				ENABLE_NS_ASSERTIONS = NO;
				ENABLE_STRICT_OBJC_MSGSEND = YES;
				GCC_C_LANGUAGE_STANDARD = gnu11;
				GCC_NO_COMMON_BLOCKS = YES;
				GCC_WARN_64_TO_32_BIT_CONVERSION = YES;
				GCC_WARN_ABOUT_RETURN_TYPE = YES_ERROR;
				GCC_WARN_UNDECLARED_SELECTOR = YES;
				GCC_WARN_UNINITIALIZED_AUTOS = YES_AGGRESSIVE;
				GCC_WARN_UNUSED_FUNCTION = YES;
				GCC_WARN_UNUSED_VARIABLE = YES;
				IPHONEOS_DEPLOYMENT_TARGET = 15.5;
				MTL_ENABLE_DEBUG_INFO = NO;
				MTL_FAST_MATH = YES;
				SDKROOT = iphoneos;
				SWIFT_COMPILATION_MODE = wholemodule;
				SWIFT_OPTIMIZATION_LEVEL = "-O";
				VALIDATE_PRODUCT = YES;
			};
			name = Release;
		};
		71E8011228CF5138001FD3D3 /* Debug */ = {
			isa = XCBuildConfiguration;
			baseConfigurationReference = A5543A54A385DD2968DDB717 /* Pods-QuitBadHabits.debug.xcconfig */;
			buildSettings = {
				ASSETCATALOG_COMPILER_APPICON_NAME = AppIcon;
				ASSETCATALOG_COMPILER_GLOBAL_ACCENT_COLOR_NAME = AccentColor;
				CODE_SIGN_STYLE = Automatic;
				CURRENT_PROJECT_VERSION = 1;
				DEVELOPMENT_TEAM = Q4YDTP8UWA;
				GENERATE_INFOPLIST_FILE = YES;
				INFOPLIST_FILE = QuitBadHabits/Info.plist;
				INFOPLIST_KEY_UIApplicationSupportsIndirectInputEvents = YES;
				INFOPLIST_KEY_UILaunchStoryboardName = LaunchScreen;
				INFOPLIST_KEY_UISupportedInterfaceOrientations_iPad = "UIInterfaceOrientationPortrait UIInterfaceOrientationPortraitUpsideDown UIInterfaceOrientationLandscapeLeft UIInterfaceOrientationLandscapeRight";
				INFOPLIST_KEY_UISupportedInterfaceOrientations_iPhone = "UIInterfaceOrientationPortrait UIInterfaceOrientationLandscapeLeft UIInterfaceOrientationLandscapeRight";
				LD_RUNPATH_SEARCH_PATHS = (
					"$(inherited)",
					"@executable_path/Frameworks",
				);
				MARKETING_VERSION = 1.0;
				PRODUCT_BUNDLE_IDENTIFIER = ru.BogdanBarinov.QuitBadHabits;
				PRODUCT_NAME = "$(TARGET_NAME)";
				SWIFT_EMIT_LOC_STRINGS = YES;
				SWIFT_VERSION = 5.0;
				TARGETED_DEVICE_FAMILY = "1,2";
			};
			name = Debug;
		};
		71E8011328CF5138001FD3D3 /* Release */ = {
			isa = XCBuildConfiguration;
			baseConfigurationReference = 7F3CAF27C6DF4FFD355FA9EE /* Pods-QuitBadHabits.release.xcconfig */;
			buildSettings = {
				ASSETCATALOG_COMPILER_APPICON_NAME = AppIcon;
				ASSETCATALOG_COMPILER_GLOBAL_ACCENT_COLOR_NAME = AccentColor;
				CODE_SIGN_STYLE = Automatic;
				CURRENT_PROJECT_VERSION = 1;
				DEVELOPMENT_TEAM = Q4YDTP8UWA;
				GENERATE_INFOPLIST_FILE = YES;
				INFOPLIST_FILE = QuitBadHabits/Info.plist;
				INFOPLIST_KEY_UIApplicationSupportsIndirectInputEvents = YES;
				INFOPLIST_KEY_UILaunchStoryboardName = LaunchScreen;
				INFOPLIST_KEY_UISupportedInterfaceOrientations_iPad = "UIInterfaceOrientationPortrait UIInterfaceOrientationPortraitUpsideDown UIInterfaceOrientationLandscapeLeft UIInterfaceOrientationLandscapeRight";
				INFOPLIST_KEY_UISupportedInterfaceOrientations_iPhone = "UIInterfaceOrientationPortrait UIInterfaceOrientationLandscapeLeft UIInterfaceOrientationLandscapeRight";
				LD_RUNPATH_SEARCH_PATHS = (
					"$(inherited)",
					"@executable_path/Frameworks",
				);
				MARKETING_VERSION = 1.0;
				PRODUCT_BUNDLE_IDENTIFIER = ru.BogdanBarinov.QuitBadHabits;
				PRODUCT_NAME = "$(TARGET_NAME)";
				SWIFT_EMIT_LOC_STRINGS = YES;
				SWIFT_VERSION = 5.0;
				TARGETED_DEVICE_FAMILY = "1,2";
			};
			name = Release;
		};
/* End XCBuildConfiguration section */

/* Begin XCConfigurationList section */
		71E800F528CF5137001FD3D3 /* Build configuration list for PBXProject "QuitBadHabits" */ = {
			isa = XCConfigurationList;
			buildConfigurations = (
				71E8010F28CF5138001FD3D3 /* Debug */,
				71E8011028CF5138001FD3D3 /* Release */,
			);
			defaultConfigurationIsVisible = 0;
			defaultConfigurationName = Release;
		};
		71E8011128CF5138001FD3D3 /* Build configuration list for PBXNativeTarget "QuitBadHabits" */ = {
			isa = XCConfigurationList;
			buildConfigurations = (
				71E8011228CF5138001FD3D3 /* Debug */,
				71E8011328CF5138001FD3D3 /* Release */,
			);
			defaultConfigurationIsVisible = 0;
			defaultConfigurationName = Release;
		};
/* End XCConfigurationList section */

/* Begin XCVersionGroup section */
		71E8010628CF5137001FD3D3 /* QuitBadHabits.xcdatamodeld */ = {
			isa = XCVersionGroup;
			children = (
				71E8010728CF5137001FD3D3 /* QuitBadHabits.xcdatamodel */,
			);
			currentVersion = 71E8010728CF5137001FD3D3 /* QuitBadHabits.xcdatamodel */;
			path = QuitBadHabits.xcdatamodeld;
			sourceTree = "<group>";
			versionGroupType = wrapper.xcdatamodel;
		};
/* End XCVersionGroup section */
	};
	rootObject = 71E800F228CF5137001FD3D3 /* Project object */;
}
